{
  "lockfileVersion": 1,
  "dependencies": {
    "isarray": {
      "version": "0.0.1",
      "resolved": "https://registry.npmjs.org/isarray/-/isarray-0.0.1.tgz",
      "integrity": "sha1-ihis/Kmo9Bd+Cav8YDiTmwXR7t8="
    },
    "page": {
      "version": "https://github.com/flowkey/page.js/archive/fad242474cac9e3821b6e706a6adfe9053bbd82f.tar.gz",
      "integrity": "sha512-ujG93np3R16g6L4ctSN8W7rIB8RemsSOiwbSajG/1mQQuGO040w7rd3TacM+z+5wlXz1FbByyc645TvvqUUJdA=="
    },
    "path-to-regexp": {
      "version": "1.2.1",
      "resolved": "https://registry.npmjs.org/path-to-regexp/-/path-to-regexp-1.2.1.tgz",
      "integrity": "sha1-szcFwUAjTYc8hyHHuf2LVB7Tr/k="
    },
    "qs": {
      "version": "5.2.0",
      "resolved": "https://registry.npmjs.org/qs/-/qs-5.2.0.tgz",
      "integrity": "sha1-qfMRQq9GjLcrJbMBNrokVoNJFr4="
    }
  }
}
